
Microsoft Visual Studio Solution File, Format Version 12.00
# Visual Studio 15
VisualStudioVersion = 15.0.27703.2035
MinimumVisualStudioVersion = 10.0.40219.1
Project("{FAE04EC0-301F-11D3-BF4B-00C04F79EFBC}") = "HoosierVolunteer", "HoosierVolunteer\HoosierVolunteer.csproj", "{29BE12CA-2543-42D0-85B9-C1B66F8F52AE}"
EndProject
Global
	GlobalSection(SolutionConfigurationPlatforms) = preSolution
		Debug|Any CPU = Debug|Any CPU
		Release|Any CPU = Release|Any CPU
	EndGlobalSection
	GlobalSection(ProjectConfigurationPlatforms) = postSolution
		{29BE12CA-2543-42D0-85B9-C1B66F8F52AE}.Debug|Any CPU.ActiveCfg = Debug|Any CPU
		{29BE12CA-2543-42D0-85B9-C1B66F8F52AE}.Debug|Any CPU.Build.0 = Debug|Any CPU
		{29BE12CA-2543-42D0-85B9-C1B66F8F52AE}.Release|Any CPU.ActiveCfg = Release|Any CPU
		{29BE12CA-2543-42D0-85B9-C1B66F8F52AE}.Release|Any CPU.Build.0 = Release|Any CPU
	EndGlobalSection
	GlobalSection(SolutionProperties) = preSolution
		HideSolutionNode = FALSE
	EndGlobalSection
	GlobalSection(ExtensibilityGlobals) = postSolution
		SolutionGuid = {E5BDB8D3-E494-4C19-AC6D-AB66D3307B7C}
	EndGlobalSection
EndGlobal
